
Microsoft Visual Studio Solution File, Format Version 12.00
# Visual Studio Version 16
VisualStudioVersion = 16.0.30002.166
MinimumVisualStudioVersion = 10.0.40219.1
Project("{2150E333-8FDC-42A3-9474-1A3956D46DE8}") = "CreationalPatterns", "CreationalPatterns", "{867B155B-4AD1-4233-A30C-56EAE1DC76EC}"
EndProject
Project("{2150E333-8FDC-42A3-9474-1A3956D46DE8}") = "StructuralPatterns", "StructuralPatterns", "{AC5E5751-E71B-48DD-901C-B1C3624053E9}"
EndProject
Project("{2150E333-8FDC-42A3-9474-1A3956D46DE8}") = "BehavioralPatterns", "BehavioralPatterns", "{F4AB699C-E3BB-482E-A445-9768E8CD5C33}"
EndProject
Project("{FAE04EC0-301F-11D3-BF4B-00C04F79EFBC}") = "AbstractFactory", "AbstractFactory\AbstractFactory.csproj", "{03A0E81D-E899-462E-9C8A-84F30C52474F}"
EndProject
Project("{FAE04EC0-301F-11D3-BF4B-00C04F79EFBC}") = "Builder", "Builder\Builder.csproj", "{764A6ADC-1891-4491-AE30-57B94D6F2C08}"
EndProject
Project("{FAE04EC0-301F-11D3-BF4B-00C04F79EFBC}") = "FactoryMethod", "FactoryMethod\FactoryMethod.csproj", "{9B795BB5-53EF-45B2-8956-81EA45C860EE}"
EndProject
Project("{FAE04EC0-301F-11D3-BF4B-00C04F79EFBC}") = "Prototype", "Prototype\Prototype.csproj", "{A3DB8BEA-6998-4CD2-AEEA-709D40B0627C}"
EndProject
Project("{FAE04EC0-301F-11D3-BF4B-00C04F79EFBC}") = "Singleton", "Singleton\Singleton.csproj", "{5A2C490C-0DF5-4B74-975C-849C42E2D387}"
EndProject
Project("{FAE04EC0-301F-11D3-BF4B-00C04F79EFBC}") = "Adapter", "Adapter\Adapter.csproj", "{52F6A779-673A-430E-81C9-666B5FD595CE}"
EndProject
Project("{FAE04EC0-301F-11D3-BF4B-00C04F79EFBC}") = "Bridge", "Bridge\Bridge.csproj", "{BAAEA893-B1AA-4C56-9224-29C475061721}"
EndProject
Project("{FAE04EC0-301F-11D3-BF4B-00C04F79EFBC}") = "Composite", "Composite\Composite.csproj", "{DE63375D-6998-41B2-BB6B-151199AFE4D8}"
EndProject
Project("{FAE04EC0-301F-11D3-BF4B-00C04F79EFBC}") = "Decorator", "Decorator\Decorator.csproj", "{FF14E351-7F6D-4AEB-A9EE-780D459D8E64}"
EndProject
Project("{FAE04EC0-301F-11D3-BF4B-00C04F79EFBC}") = "Facade", "Facade\Facade.csproj", "{D46C82CC-D8C7-4116-9413-F65706F3ED12}"
EndProject
Project("{FAE04EC0-301F-11D3-BF4B-00C04F79EFBC}") = "Flyweight", "Flyweight\Flyweight.csproj", "{B62AF8AA-F1AC-4840-B739-CD4DE83CB2AD}"
EndProject
Project("{FAE04EC0-301F-11D3-BF4B-00C04F79EFBC}") = "Proxy", "Proxy\Proxy.csproj", "{DF82C3F4-D190-40B9-B49B-6746A5926F16}"
EndProject
Project("{FAE04EC0-301F-11D3-BF4B-00C04F79EFBC}") = "ChaingOfResponsibility", "ChaingOfResponsibility\ChaingOfResponsibility.csproj", "{2A381517-0EA0-4AD0-A436-D2155016EAB5}"
EndProject
Project("{FAE04EC0-301F-11D3-BF4B-00C04F79EFBC}") = "Command", "Command\Command.csproj", "{56818A22-CA9B-4F8A-B83B-BACD4B21666A}"
EndProject
Project("{FAE04EC0-301F-11D3-BF4B-00C04F79EFBC}") = "Interpreter", "Interpreter\Interpreter.csproj", "{4EEC41EF-1F4A-4573-96A5-D1479BD114BE}"
EndProject
Project("{FAE04EC0-301F-11D3-BF4B-00C04F79EFBC}") = "Mediator", "Mediator\Mediator.csproj", "{D219CA96-6395-45FE-9EBB-A2948690647D}"
EndProject
Project("{FAE04EC0-301F-11D3-BF4B-00C04F79EFBC}") = "Memento", "Memento\Memento.csproj", "{2E2C149D-0C91-4FBB-AB2E-5FF0EB815260}"
EndProject
Project("{FAE04EC0-301F-11D3-BF4B-00C04F79EFBC}") = "Observer", "Observer\Observer.csproj", "{D1C23EC5-D80D-4DF0-999A-BA85C7AE6FC2}"
EndProject
Project("{FAE04EC0-301F-11D3-BF4B-00C04F79EFBC}") = "State", "State\State.csproj", "{5787E93A-AF04-45C9-B6F3-A790DB0D189A}"
EndProject
Project("{FAE04EC0-301F-11D3-BF4B-00C04F79EFBC}") = "Strategy", "Strategy\Strategy.csproj", "{B594FDB6-BA9F-47A5-8635-C3D4D58CB920}"
EndProject
Project("{FAE04EC0-301F-11D3-BF4B-00C04F79EFBC}") = "TemplateMethod", "TemplateMethod\TemplateMethod.csproj", "{626C468A-5EA1-4CA9-9C36-65315B61EDF7}"
EndProject
Project("{FAE04EC0-301F-11D3-BF4B-00C04F79EFBC}") = "Visitor", "Visitor\Visitor.csproj", "{7475B044-9FC7-418A-9AAB-758A0BCD10ED}"
EndProject
Global
	GlobalSection(SolutionConfigurationPlatforms) = preSolution
		Debug|Any CPU = Debug|Any CPU
		Release|Any CPU = Release|Any CPU
	EndGlobalSection
	GlobalSection(ProjectConfigurationPlatforms) = postSolution
		{03A0E81D-E899-462E-9C8A-84F30C52474F}.Debug|Any CPU.ActiveCfg = Debug|Any CPU
		{03A0E81D-E899-462E-9C8A-84F30C52474F}.Debug|Any CPU.Build.0 = Debug|Any CPU
		{03A0E81D-E899-462E-9C8A-84F30C52474F}.Release|Any CPU.ActiveCfg = Release|Any CPU
		{03A0E81D-E899-462E-9C8A-84F30C52474F}.Release|Any CPU.Build.0 = Release|Any CPU
		{764A6ADC-1891-4491-AE30-57B94D6F2C08}.Debug|Any CPU.ActiveCfg = Debug|Any CPU
		{764A6ADC-1891-4491-AE30-57B94D6F2C08}.Debug|Any CPU.Build.0 = Debug|Any CPU
		{764A6ADC-1891-4491-AE30-57B94D6F2C08}.Release|Any CPU.ActiveCfg = Release|Any CPU
		{764A6ADC-1891-4491-AE30-57B94D6F2C08}.Release|Any CPU.Build.0 = Release|Any CPU
		{9B795BB5-53EF-45B2-8956-81EA45C860EE}.Debug|Any CPU.ActiveCfg = Debug|Any CPU
		{9B795BB5-53EF-45B2-8956-81EA45C860EE}.Debug|Any CPU.Build.0 = Debug|Any CPU
		{9B795BB5-53EF-45B2-8956-81EA45C860EE}.Release|Any CPU.ActiveCfg = Release|Any CPU
		{9B795BB5-53EF-45B2-8956-81EA45C860EE}.Release|Any CPU.Build.0 = Release|Any CPU
		{A3DB8BEA-6998-4CD2-AEEA-709D40B0627C}.Debug|Any CPU.ActiveCfg = Debug|Any CPU
		{A3DB8BEA-6998-4CD2-AEEA-709D40B0627C}.Debug|Any CPU.Build.0 = Debug|Any CPU
		{A3DB8BEA-6998-4CD2-AEEA-709D40B0627C}.Release|Any CPU.ActiveCfg = Release|Any CPU
		{A3DB8BEA-6998-4CD2-AEEA-709D40B0627C}.Release|Any CPU.Build.0 = Release|Any CPU
		{5A2C490C-0DF5-4B74-975C-849C42E2D387}.Debug|Any CPU.ActiveCfg = Debug|Any CPU
		{5A2C490C-0DF5-4B74-975C-849C42E2D387}.Debug|Any CPU.Build.0 = Debug|Any CPU
		{5A2C490C-0DF5-4B74-975C-849C42E2D387}.Release|Any CPU.ActiveCfg = Release|Any CPU
		{5A2C490C-0DF5-4B74-975C-849C42E2D387}.Release|Any CPU.Build.0 = Release|Any CPU
		{52F6A779-673A-430E-81C9-666B5FD595CE}.Debug|Any CPU.ActiveCfg = Debug|Any CPU
		{52F6A779-673A-430E-81C9-666B5FD595CE}.Debug|Any CPU.Build.0 = Debug|Any CPU
		{52F6A779-673A-430E-81C9-666B5FD595CE}.Release|Any CPU.ActiveCfg = Release|Any CPU
		{52F6A779-673A-430E-81C9-666B5FD595CE}.Release|Any CPU.Build.0 = Release|Any CPU
		{BAAEA893-B1AA-4C56-9224-29C475061721}.Debug|Any CPU.ActiveCfg = Debug|Any CPU
		{BAAEA893-B1AA-4C56-9224-29C475061721}.Debug|Any CPU.Build.0 = Debug|Any CPU
		{BAAEA893-B1AA-4C56-9224-29C475061721}.Release|Any CPU.ActiveCfg = Release|Any CPU
		{BAAEA893-B1AA-4C56-9224-29C475061721}.Release|Any CPU.Build.0 = Release|Any CPU
		{DE63375D-6998-41B2-BB6B-151199AFE4D8}.Debug|Any CPU.ActiveCfg = Debug|Any CPU
		{DE63375D-6998-41B2-BB6B-151199AFE4D8}.Debug|Any CPU.Build.0 = Debug|Any CPU
		{DE63375D-6998-41B2-BB6B-151199AFE4D8}.Release|Any CPU.ActiveCfg = Release|Any CPU
		{DE63375D-6998-41B2-BB6B-151199AFE4D8}.Release|Any CPU.Build.0 = Release|Any CPU
		{FF14E351-7F6D-4AEB-A9EE-780D459D8E64}.Debug|Any CPU.ActiveCfg = Debug|Any CPU
		{FF14E351-7F6D-4AEB-A9EE-780D459D8E64}.Debug|Any CPU.Build.0 = Debug|Any CPU
		{FF14E351-7F6D-4AEB-A9EE-780D459D8E64}.Release|Any CPU.ActiveCfg = Release|Any CPU
		{FF14E351-7F6D-4AEB-A9EE-780D459D8E64}.Release|Any CPU.Build.0 = Release|Any CPU
		{D46C82CC-D8C7-4116-9413-F65706F3ED12}.Debug|Any CPU.ActiveCfg = Debug|Any CPU
		{D46C82CC-D8C7-4116-9413-F65706F3ED12}.Debug|Any CPU.Build.0 = Debug|Any CPU
		{D46C82CC-D8C7-4116-9413-F65706F3ED12}.Release|Any CPU.ActiveCfg = Release|Any CPU
		{D46C82CC-D8C7-4116-9413-F65706F3ED12}.Release|Any CPU.Build.0 = Release|Any CPU
		{B62AF8AA-F1AC-4840-B739-CD4DE83CB2AD}.Debug|Any CPU.ActiveCfg = Debug|Any CPU
		{B62AF8AA-F1AC-4840-B739-CD4DE83CB2AD}.Debug|Any CPU.Build.0 = Debug|Any CPU
		{B62AF8AA-F1AC-4840-B739-CD4DE83CB2AD}.Release|Any CPU.ActiveCfg = Release|Any CPU
		{B62AF8AA-F1AC-4840-B739-CD4DE83CB2AD}.Release|Any CPU.Build.0 = Release|Any CPU
		{DF82C3F4-D190-40B9-B49B-6746A5926F16}.Debug|Any CPU.ActiveCfg = Debug|Any CPU
		{DF82C3F4-D190-40B9-B49B-6746A5926F16}.Debug|Any CPU.Build.0 = Debug|Any CPU
		{DF82C3F4-D190-40B9-B49B-6746A5926F16}.Release|Any CPU.ActiveCfg = Release|Any CPU
		{DF82C3F4-D190-40B9-B49B-6746A5926F16}.Release|Any CPU.Build.0 = Release|Any CPU
		{2A381517-0EA0-4AD0-A436-D2155016EAB5}.Debug|Any CPU.ActiveCfg = Debug|Any CPU
		{2A381517-0EA0-4AD0-A436-D2155016EAB5}.Debug|Any CPU.Build.0 = Debug|Any CPU
		{2A381517-0EA0-4AD0-A436-D2155016EAB5}.Release|Any CPU.ActiveCfg = Release|Any CPU
		{2A381517-0EA0-4AD0-A436-D2155016EAB5}.Release|Any CPU.Build.0 = Release|Any CPU
		{56818A22-CA9B-4F8A-B83B-BACD4B21666A}.Debug|Any CPU.ActiveCfg = Debug|Any CPU
		{56818A22-CA9B-4F8A-B83B-BACD4B21666A}.Debug|Any CPU.Build.0 = Debug|Any CPU
		{56818A22-CA9B-4F8A-B83B-BACD4B21666A}.Release|Any CPU.ActiveCfg = Release|Any CPU
		{56818A22-CA9B-4F8A-B83B-BACD4B21666A}.Release|Any CPU.Build.0 = Release|Any CPU
		{4EEC41EF-1F4A-4573-96A5-D1479BD114BE}.Debug|Any CPU.ActiveCfg = Debug|Any CPU
		{4EEC41EF-1F4A-4573-96A5-D1479BD114BE}.Debug|Any CPU.Build.0 = Debug|Any CPU
		{4EEC41EF-1F4A-4573-96A5-D1479BD114BE}.Release|Any CPU.ActiveCfg = Release|Any CPU
		{4EEC41EF-1F4A-4573-96A5-D1479BD114BE}.Release|Any CPU.Build.0 = Release|Any CPU
		{D219CA96-6395-45FE-9EBB-A2948690647D}.Debug|Any CPU.ActiveCfg = Debug|Any CPU
		{D219CA96-6395-45FE-9EBB-A2948690647D}.Debug|Any CPU.Build.0 = Debug|Any CPU
		{D219CA96-6395-45FE-9EBB-A2948690647D}.Release|Any CPU.ActiveCfg = Release|Any CPU
		{D219CA96-6395-45FE-9EBB-A2948690647D}.Release|Any CPU.Build.0 = Release|Any CPU
		{2E2C149D-0C91-4FBB-AB2E-5FF0EB815260}.Debug|Any CPU.ActiveCfg = Debug|Any CPU
		{2E2C149D-0C91-4FBB-AB2E-5FF0EB815260}.Debug|Any CPU.Build.0 = Debug|Any CPU
		{2E2C149D-0C91-4FBB-AB2E-5FF0EB815260}.Release|Any CPU.ActiveCfg = Release|Any CPU
		{2E2C149D-0C91-4FBB-AB2E-5FF0EB815260}.Release|Any CPU.Build.0 = Release|Any CPU
		{D1C23EC5-D80D-4DF0-999A-BA85C7AE6FC2}.Debug|Any CPU.ActiveCfg = Debug|Any CPU
		{D1C23EC5-D80D-4DF0-999A-BA85C7AE6FC2}.Debug|Any CPU.Build.0 = Debug|Any CPU
		{D1C23EC5-D80D-4DF0-999A-BA85C7AE6FC2}.Release|Any CPU.ActiveCfg = Release|Any CPU
		{D1C23EC5-D80D-4DF0-999A-BA85C7AE6FC2}.Release|Any CPU.Build.0 = Release|Any CPU
		{5787E93A-AF04-45C9-B6F3-A790DB0D189A}.Debug|Any CPU.ActiveCfg = Debug|Any CPU
		{5787E93A-AF04-45C9-B6F3-A790DB0D189A}.Debug|Any CPU.Build.0 = Debug|Any CPU
		{5787E93A-AF04-45C9-B6F3-A790DB0D189A}.Release|Any CPU.ActiveCfg = Release|Any CPU
		{5787E93A-AF04-45C9-B6F3-A790DB0D189A}.Release|Any CPU.Build.0 = Release|Any CPU
		{B594FDB6-BA9F-47A5-8635-C3D4D58CB920}.Debug|Any CPU.ActiveCfg = Debug|Any CPU
		{B594FDB6-BA9F-47A5-8635-C3D4D58CB920}.Debug|Any CPU.Build.0 = Debug|Any CPU
		{B594FDB6-BA9F-47A5-8635-C3D4D58CB920}.Release|Any CPU.ActiveCfg = Release|Any CPU
		{B594FDB6-BA9F-47A5-8635-C3D4D58CB920}.Release|Any CPU.Build.0 = Release|Any CPU
		{626C468A-5EA1-4CA9-9C36-65315B61EDF7}.Debug|Any CPU.ActiveCfg = Debug|Any CPU
		{626C468A-5EA1-4CA9-9C36-65315B61EDF7}.Debug|Any CPU.Build.0 = Debug|Any CPU
		{626C468A-5EA1-4CA9-9C36-65315B61EDF7}.Release|Any CPU.ActiveCfg = Release|Any CPU
		{626C468A-5EA1-4CA9-9C36-65315B61EDF7}.Release|Any CPU.Build.0 = Release|Any CPU
		{7475B044-9FC7-418A-9AAB-758A0BCD10ED}.Debug|Any CPU.ActiveCfg = Debug|Any CPU
		{7475B044-9FC7-418A-9AAB-758A0BCD10ED}.Debug|Any CPU.Build.0 = Debug|Any CPU
		{7475B044-9FC7-418A-9AAB-758A0BCD10ED}.Release|Any CPU.ActiveCfg = Release|Any CPU
		{7475B044-9FC7-418A-9AAB-758A0BCD10ED}.Release|Any CPU.Build.0 = Release|Any CPU
	EndGlobalSection
	GlobalSection(SolutionProperties) = preSolution
		HideSolutionNode = FALSE
	EndGlobalSection
	GlobalSection(NestedProjects) = preSolution
		{03A0E81D-E899-462E-9C8A-84F30C52474F} = {867B155B-4AD1-4233-A30C-56EAE1DC76EC}
		{764A6ADC-1891-4491-AE30-57B94D6F2C08} = {867B155B-4AD1-4233-A30C-56EAE1DC76EC}
		{9B795BB5-53EF-45B2-8956-81EA45C860EE} = {867B155B-4AD1-4233-A30C-56EAE1DC76EC}
		{A3DB8BEA-6998-4CD2-AEEA-709D40B0627C} = {867B155B-4AD1-4233-A30C-56EAE1DC76EC}
		{5A2C490C-0DF5-4B74-975C-849C42E2D387} = {867B155B-4AD1-4233-A30C-56EAE1DC76EC}
		{52F6A779-673A-430E-81C9-666B5FD595CE} = {AC5E5751-E71B-48DD-901C-B1C3624053E9}
		{BAAEA893-B1AA-4C56-9224-29C475061721} = {AC5E5751-E71B-48DD-901C-B1C3624053E9}
		{DE63375D-6998-41B2-BB6B-151199AFE4D8} = {AC5E5751-E71B-48DD-901C-B1C3624053E9}
		{FF14E351-7F6D-4AEB-A9EE-780D459D8E64} = {AC5E5751-E71B-48DD-901C-B1C3624053E9}
		{D46C82CC-D8C7-4116-9413-F65706F3ED12} = {AC5E5751-E71B-48DD-901C-B1C3624053E9}
		{B62AF8AA-F1AC-4840-B739-CD4DE83CB2AD} = {AC5E5751-E71B-48DD-901C-B1C3624053E9}
		{DF82C3F4-D190-40B9-B49B-6746A5926F16} = {AC5E5751-E71B-48DD-901C-B1C3624053E9}
		{2A381517-0EA0-4AD0-A436-D2155016EAB5} = {F4AB699C-E3BB-482E-A445-9768E8CD5C33}
		{56818A22-CA9B-4F8A-B83B-BACD4B21666A} = {F4AB699C-E3BB-482E-A445-9768E8CD5C33}
		{4EEC41EF-1F4A-4573-96A5-D1479BD114BE} = {F4AB699C-E3BB-482E-A445-9768E8CD5C33}
		{D219CA96-6395-45FE-9EBB-A2948690647D} = {F4AB699C-E3BB-482E-A445-9768E8CD5C33}
		{2E2C149D-0C91-4FBB-AB2E-5FF0EB815260} = {F4AB699C-E3BB-482E-A445-9768E8CD5C33}
		{D1C23EC5-D80D-4DF0-999A-BA85C7AE6FC2} = {F4AB699C-E3BB-482E-A445-9768E8CD5C33}
		{5787E93A-AF04-45C9-B6F3-A790DB0D189A} = {F4AB699C-E3BB-482E-A445-9768E8CD5C33}
		{B594FDB6-BA9F-47A5-8635-C3D4D58CB920} = {F4AB699C-E3BB-482E-A445-9768E8CD5C33}
		{626C468A-5EA1-4CA9-9C36-65315B61EDF7} = {F4AB699C-E3BB-482E-A445-9768E8CD5C33}
		{7475B044-9FC7-418A-9AAB-758A0BCD10ED} = {F4AB699C-E3BB-482E-A445-9768E8CD5C33}
	EndGlobalSection
	GlobalSection(ExtensibilityGlobals) = postSolution
		SolutionGuid = {C9EA24E6-0CB5-4C88-BAB2-8F69738A795C}
	EndGlobalSection
EndGlobal
